// !$*UTF8*$!
{
	archiveVersion = 1;
	classes = {
	};
	objectVersion = 46;
	objects = {

/* Begin PBXBuildFile section */
		40E75C561B68C9C7009A0CDC /* main.m in Sources */ = {isa = PBXBuildFile; fileRef = 40E75C551B68C9C7009A0CDC /* main.m */; };
		40E75C591B68C9C7009A0CDC /* AppDelegate.m in Sources */ = {isa = PBXBuildFile; fileRef = 40E75C581B68C9C7009A0CDC /* AppDelegate.m */; };
		40E75C5C1B68C9C7009A0CDC /* ViewController.m in Sources */ = {isa = PBXBuildFile; fileRef = 40E75C5B1B68C9C7009A0CDC /* ViewController.m */; };
		40E75C5F1B68C9C7009A0CDC /* Main.storyboard in Resources */ = {isa = PBXBuildFile; fileRef = 40E75C5D1B68C9C7009A0CDC /* Main.storyboard */; };
		40E75C611B68C9C8009A0CDC /* Images.xcassets in Resources */ = {isa = PBXBuildFile; fileRef = 40E75C601B68C9C8009A0CDC /* Images.xcassets */; };
		40E75C641B68C9C8009A0CDC /* LaunchScreen.xib in Resources */ = {isa = PBXBuildFile; fileRef = 40E75C621B68C9C8009A0CDC /* LaunchScreen.xib */; };
		40E75C701B68C9C8009A0CDC /* IBdesignsTests.m in Sources */ = {isa = PBXBuildFile; fileRef = 40E75C6F1B68C9C8009A0CDC /* IBdesignsTests.m */; };
/* End PBXBuildFile section */

/* Begin PBXContainerItemProxy section */
		40E75C6A1B68C9C8009A0CDC /* PBXContainerItemProxy */ = {
			isa = PBXContainerItemProxy;
			containerPortal = 40E75C481B68C9C7009A0CDC /* Project object */;
			proxyType = 1;
			remoteGlobalIDString = 40E75C4F1B68C9C7009A0CDC;
			remoteInfo = IBdesigns;
		};
/* End PBXContainerItemProxy section */

/* Begin PBXFileReference section */
		40E75C501B68C9C7009A0CDC /* IBdesigns.app */ = {isa = PBXFileReference; explicitFileType = wrapper.application; includeInIndex = 0; path = IBdesigns.app; sourceTree = BUILT_PRODUCTS_DIR; };
		40E75C541B68C9C7009A0CDC /* Info.plist */ = {isa = PBXFileReference; lastKnownFileType = text.plist.xml; path = Info.plist; sourceTree = "<group>"; };
		40E75C551B68C9C7009A0CDC /* main.m */ = {isa = PBXFileReference; lastKnownFileType = sourcecode.c.objc; path = main.m; sourceTree = "<group>"; };
		40E75C571B68C9C7009A0CDC /* AppDelegate.h */ = {isa = PBXFileReference; lastKnownFileType = sourcecode.c.h; path = AppDelegate.h; sourceTree = "<group>"; };
		40E75C581B68C9C7009A0CDC /* AppDelegate.m */ = {isa = PBXFileReference; lastKnownFileType = sourcecode.c.objc; path = AppDelegate.m; sourceTree = "<group>"; };
		40E75C5A1B68C9C7009A0CDC /* ViewController.h */ = {isa = PBXFileReference; lastKnownFileType = sourcecode.c.h; path = ViewController.h; sourceTree = "<group>"; };
		40E75C5B1B68C9C7009A0CDC /* ViewController.m */ = {isa = PBXFileReference; lastKnownFileType = sourcecode.c.objc; path = ViewController.m; sourceTree = "<group>"; };
		40E75C5E1B68C9C7009A0CDC /* Base */ = {isa = PBXFileReference; lastKnownFileType = file.storyboard; name = Base; path = Base.lproj/Main.storyboard; sourceTree = "<group>"; };
		40E75C601B68C9C8009A0CDC /* Images.xcassets */ = {isa = PBXFileReference; lastKnownFileType = folder.assetcatalog; path = Images.xcassets; sourceTree = "<group>"; };
		40E75C631B68C9C8009A0CDC /* Base */ = {isa = PBXFileReference; lastKnownFileType = file.xib; name = Base; path = Base.lproj/LaunchScreen.xib; sourceTree = "<group>"; };
		40E75C691B68C9C8009A0CDC /* IBdesignsTests.xctest */ = {isa = PBXFileReference; explicitFileType = wrapper.cfbundle; includeInIndex = 0; path = IBdesignsTests.xctest; sourceTree = BUILT_PRODUCTS_DIR; };
		40E75C6E1B68C9C8009A0CDC /* Info.plist */ = {isa = PBXFileReference; lastKnownFileType = text.plist.xml; path = Info.plist; sourceTree = "<group>"; };
		40E75C6F1B68C9C8009A0CDC /* IBdesignsTests.m */ = {isa = PBXFileReference; lastKnownFileType = sourcecode.c.objc; path = IBdesignsTests.m; sourceTree = "<group>"; };
/* End PBXFileReference section */

/* Begin PBXFrameworksBuildPhase section */
		40E75C4D1B68C9C7009A0CDC /* Frameworks */ = {
			isa = PBXFrameworksBuildPhase;
			buildActionMask = 2147483647;
			files = (
			);
			runOnlyForDeploymentPostprocessing = 0;
		};
		40E75C661B68C9C8009A0CDC /* Frameworks */ = {
			isa = PBXFrameworksBuildPhase;
			buildActionMask = 2147483647;
			files = (
			);
			runOnlyForDeploymentPostprocessing = 0;
		};
/* End PBXFrameworksBuildPhase section */

/* Begin PBXGroup section */
		40E75C471B68C9C7009A0CDC = {
			isa = PBXGroup;
			children = (
				40E75C521B68C9C7009A0CDC /* IBdesigns */,
				40E75C6C1B68C9C8009A0CDC /* IBdesignsTests */,
				40E75C511B68C9C7009A0CDC /* Products */,
			);
			sourceTree = "<group>";
		};
		40E75C511B68C9C7009A0CDC /* Products */ = {
			isa = PBXGroup;
			children = (
				40E75C501B68C9C7009A0CDC /* IBdesigns.app */,
				40E75C691B68C9C8009A0CDC /* IBdesignsTests.xctest */,
			);
			name = Products;
			sourceTree = "<group>";
		};
		40E75C521B68C9C7009A0CDC /* IBdesigns */ = {
			isa = PBXGroup;
			children = (
				40E75C571B68C9C7009A0CDC /* AppDelegate.h */,
				40E75C581B68C9C7009A0CDC /* AppDelegate.m */,
				40E75C5A1B68C9C7009A0CDC /* ViewController.h */,
				40E75C5B1B68C9C7009A0CDC /* ViewController.m */,
				40E75C5D1B68C9C7009A0CDC /* Main.storyboard */,
				40E75C601B68C9C8009A0CDC /* Images.xcassets */,
				40E75C621B68C9C8009A0CDC /* LaunchScreen.xib */,
				40E75C531B68C9C7009A0CDC /* Supporting Files */,
			);
			path = IBdesigns;
			sourceTree = "<group>";
		};
		40E75C531B68C9C7009A0CDC /* Supporting Files */ = {
			isa = PBXGroup;
			children = (
				40E75C541B68C9C7009A0CDC /* Info.plist */,
				40E75C551B68C9C7009A0CDC /* main.m */,
			);
			name = "Supporting Files";
			sourceTree = "<group>";
		};
		40E75C6C1B68C9C8009A0CDC /* IBdesignsTests */ = {
			isa = PBXGroup;
			children = (
				40E75C6F1B68C9C8009A0CDC /* IBdesignsTests.m */,
				40E75C6D1B68C9C8009A0CDC /* Supporting Files */,
			);
			path = IBdesignsTests;
			sourceTree = "<group>";
		};
		40E75C6D1B68C9C8009A0CDC /* Supporting Files */ = {
			isa = PBXGroup;
			children = (
				40E75C6E1B68C9C8009A0CDC /* Info.plist */,
			);
			name = "Supporting Files";
			sourceTree = "<group>";
		};
/* End PBXGroup section */

/* Begin PBXNativeTarget section */
		40E75C4F1B68C9C7009A0CDC /* IBdesigns */ = {
			isa = PBXNativeTarget;
			buildConfigurationList = 40E75C731B68C9C8009A0CDC /* Build configuration list for PBXNativeTarget "IBdesigns" */;
			buildPhases = (
				40E75C4C1B68C9C7009A0CDC /* Sources */,
				40E75C4D1B68C9C7009A0CDC /* Frameworks */,
				40E75C4E1B68C9C7009A0CDC /* Resources */,
			);
			buildRules = (
			);
			dependencies = (
			);
			name = IBdesigns;
			productName = IBdesigns;
			productReference = 40E75C501B68C9C7009A0CDC /* IBdesigns.app */;
			productType = "com.apple.product-type.application";
		};
		40E75C681B68C9C8009A0CDC /* IBdesignsTests */ = {
			isa = PBXNativeTarget;
			buildConfigurationList = 40E75C761B68C9C8009A0CDC /* Build configuration list for PBXNativeTarget "IBdesignsTests" */;
			buildPhases = (
				40E75C651B68C9C8009A0CDC /* Sources */,
				40E75C661B68C9C8009A0CDC /* Frameworks */,
				40E75C671B68C9C8009A0CDC /* Resources */,
			);
			buildRules = (
			);
			dependencies = (
				40E75C6B1B68C9C8009A0CDC /* PBXTargetDependency */,
			);
			name = IBdesignsTests;
			productName = IBdesignsTests;
			productReference = 40E75C691B68C9C8009A0CDC /* IBdesignsTests.xctest */;
			productType = "com.apple.product-type.bundle.unit-test";
		};
/* End PBXNativeTarget section */

/* Begin PBXProject section */
		40E75C481B68C9C7009A0CDC /* Project object */ = {
			isa = PBXProject;
			attributes = {
				LastUpgradeCheck = 0630;
				ORGANIZATIONNAME = OptisolBusinessSolutions;
				TargetAttributes = {
					40E75C4F1B68C9C7009A0CDC = {
						CreatedOnToolsVersion = 6.3.1;
					};
					40E75C681B68C9C8009A0CDC = {
						CreatedOnToolsVersion = 6.3.1;
						TestTargetID = 40E75C4F1B68C9C7009A0CDC;
					};
				};
			};
			buildConfigurationList = 40E75C4B1B68C9C7009A0CDC /* Build configuration list for PBXProject "IBdesigns" */;
			compatibilityVersion = "Xcode 3.2";
			developmentRegion = English;
			hasScannedForEncodings = 0;
			knownRegions = (
				en,
				Base,
			);
			mainGroup = 40E75C471B68C9C7009A0CDC;
			productRefGroup = 40E75C511B68C9C7009A0CDC /* Products */;
			projectDirPath = "";
			projectRoot = "";
			targets = (
				40E75C4F1B68C9C7009A0CDC /* IBdesigns */,
				40E75C681B68C9C8009A0CDC /* IBdesignsTests */,
			);
		};
/* End PBXProject section */

/* Begin PBXResourcesBuildPhase section */
		40E75C4E1B68C9C7009A0CDC /* Resources */ = {
			isa = PBXResourcesBuildPhase;
			buildActionMask = 2147483647;
			files = (
				40E75C5F1B68C9C7009A0CDC /* Main.storyboard in Resources */,
				40E75C641B68C9C8009A0CDC /* LaunchScreen.xib in Resources */,
				40E75C611B68C9C8009A0CDC /* Images.xcassets in Resources */,
			);
			runOnlyForDeploymentPostprocessing = 0;
		};
		40E75C671B68C9C8009A0CDC /* Resources */ = {
			isa = PBXResourcesBuildPhase;
			buildActionMask = 2147483647;
			files = (
			);
			runOnlyForDeploymentPostprocessing = 0;
		};
/* End PBXResourcesBuildPhase section */

/* Begin PBXSourcesBuildPhase section */
		40E75C4C1B68C9C7009A0CDC /* Sources */ = {
			isa = PBXSourcesBuildPhase;
			buildActionMask = 2147483647;
			files = (
				40E75C5C1B68C9C7009A0CDC /* ViewController.m in Sources */,
				40E75C591B68C9C7009A0CDC /* AppDelegate.m in Sources */,
				40E75C561B68C9C7009A0CDC /* main.m in Sources */,
			);
			runOnlyForDeploymentPostprocessing = 0;
		};
		40E75C651B68C9C8009A0CDC /* Sources */ = {
			isa = PBXSourcesBuildPhase;
			buildActionMask = 2147483647;
			files = (
				40E75C701B68C9C8009A0CDC /* IBdesignsTests.m in Sources */,
			);
			runOnlyForDeploymentPostprocessing = 0;
		};
/* End PBXSourcesBuildPhase section */

/* Begin PBXTargetDependency section */
		40E75C6B1B68C9C8009A0CDC /* PBXTargetDependency */ = {
			isa = PBXTargetDependency;
			target = 40E75C4F1B68C9C7009A0CDC /* IBdesigns */;
			targetProxy = 40E75C6A1B68C9C8009A0CDC /* PBXContainerItemProxy */;
		};
/* End PBXTargetDependency section */

/* Begin PBXVariantGroup section */
		40E75C5D1B68C9C7009A0CDC /* Main.storyboard */ = {
			isa = PBXVariantGroup;
			children = (
				40E75C5E1B68C9C7009A0CDC /* Base */,
			);
			name = Main.storyboard;
			sourceTree = "<group>";
		};
		40E75C621B68C9C8009A0CDC /* LaunchScreen.xib */ = {
			isa = PBXVariantGroup;
			children = (
				40E75C631B68C9C8009A0CDC /* Base */,
			);
			name = LaunchScreen.xib;
			sourceTree = "<group>";
		};
/* End PBXVariantGroup section */

/* Begin XCBuildConfiguration section */
		40E75C711B68C9C8009A0CDC /* Debug */ = {
			isa = XCBuildConfiguration;
			buildSettings = {
				ALWAYS_SEARCH_USER_PATHS = NO;
				CLANG_CXX_LANGUAGE_STANDARD = "gnu++0x";
				CLANG_CXX_LIBRARY = "libc++";
				CLANG_ENABLE_MODULES = YES;
				CLANG_ENABLE_OBJC_ARC = YES;
				CLANG_WARN_BOOL_CONVERSION = YES;
				CLANG_WARN_CONSTANT_CONVERSION = YES;
				CLANG_WARN_DIRECT_OBJC_ISA_USAGE = YES_ERROR;
				CLANG_WARN_EMPTY_BODY = YES;
				CLANG_WARN_ENUM_CONVERSION = YES;
				CLANG_WARN_INT_CONVERSION = YES;
				CLANG_WARN_OBJC_ROOT_CLASS = YES_ERROR;
				CLANG_WARN_UNREACHABLE_CODE = YES;
				CLANG_WARN__DUPLICATE_METHOD_MATCH = YES;
				"CODE_SIGN_IDENTITY[sdk=iphoneos*]" = "iPhone Developer";
				COPY_PHASE_STRIP = NO;
				DEBUG_INFORMATION_FORMAT = "dwarf-with-dsym";
				ENABLE_STRICT_OBJC_MSGSEND = YES;
				GCC_C_LANGUAGE_STANDARD = gnu99;
				GCC_DYNAMIC_NO_PIC = NO;
				GCC_NO_COMMON_BLOCKS = YES;
				GCC_OPTIMIZATION_LEVEL = 0;
				GCC_PREPROCESSOR_DEFINITIONS = (
					"DEBUG=1",
					"$(inherited)",
				);
				GCC_SYMBOLS_PRIVATE_EXTERN = NO;
				GCC_WARN_64_TO_32_BIT_CONVERSION = YES;
				GCC_WARN_ABOUT_RETURN_TYPE = YES_ERROR;
				GCC_WARN_UNDECLARED_SELECTOR = YES;
				GCC_WARN_UNINITIALIZED_AUTOS = YES_AGGRESSIVE;
				GCC_WARN_UNUSED_FUNCTION = YES;
				GCC_WARN_UNUSED_VARIABLE = YES;
				IPHONEOS_DEPLOYMENT_TARGET = 8.3;
				MTL_ENABLE_DEBUG_INFO = YES;
				ONLY_ACTIVE_ARCH = YES;
				SDKROOT = iphoneos;
				TARGETED_DEVICE_FAMILY = "1,2";
			};
			name = Debug;
		};
		40E75C721B68C9C8009A0CDC /* Release */ = {
			isa = XCBuildConfiguration;
			buildSettings = {
				ALWAYS_SEARCH_USER_PATHS = NO;
				CLANG_CXX_LANGUAGE_STANDARD = "gnu++0x";
				CLANG_CXX_LIBRARY = "libc++";
				CLANG_ENABLE_MODULES = YES;
				CLANG_ENABLE_OBJC_ARC = YES;
				CLANG_WARN_BOOL_CONVERSION = YES;
				CLANG_WARN_CONSTANT_CONVERSION = YES;
				CLANG_WARN_DIRECT_OBJC_ISA_USAGE = YES_ERROR;
				CLANG_WARN_EMPTY_BODY = YES;
				CLANG_WARN_ENUM_CONVERSION = YES;
				CLANG_WARN_INT_CONVERSION = YES;
				CLANG_WARN_OBJC_ROOT_CLASS = YES_ERROR;
				CLANG_WARN_UNREACHABLE_CODE = YES;
				CLANG_WARN__DUPLICATE_METHOD_MATCH = YES;
				"CODE_SIGN_IDENTITY[sdk=iphoneos*]" = "iPhone Developer";
				COPY_PHASE_STRIP = NO;
				DEBUG_INFORMATION_FORMAT = "dwarf-with-dsym";
				ENABLE_NS_ASSERTIONS = NO;
				ENABLE_STRICT_OBJC_MSGSEND = YES;
				GCC_C_LANGUAGE_STANDARD = gnu99;
				GCC_NO_COMMON_BLOCKS = YES;
				GCC_WARN_64_TO_32_BIT_CONVERSION = YES;
				GCC_WARN_ABOUT_RETURN_TYPE = YES_ERROR;
				GCC_WARN_UNDECLARED_SELECTOR = YES;
				GCC_WARN_UNINITIALIZED_AUTOS = YES_AGGRESSIVE;
				GCC_WARN_UNUSED_FUNCTION = YES;
				GCC_WARN_UNUSED_VARIABLE = YES;
				IPHONEOS_DEPLOYMENT_TARGET = 8.3;
				MTL_ENABLE_DEBUG_INFO = NO;
				SDKROOT = iphoneos;
				TARGETED_DEVICE_FAMILY = "1,2";
				VALIDATE_PRODUCT = YES;
			};
			name = Release;
		};
		40E75C741B68C9C8009A0CDC /* Debug */ = {
			isa = XCBuildConfiguration;
			buildSettings = {
				ASSETCATALOG_COMPILER_APPICON_NAME = AppIcon;
				INFOPLIST_FILE = IBdesigns/Info.plist;
				LD_RUNPATH_SEARCH_PATHS = "$(inherited) @executable_path/Frameworks";
				PRODUCT_NAME = "$(TARGET_NAME)";
			};
			name = Debug;
		};
		40E75C751B68C9C8009A0CDC /* Release */ = {
			isa = XCBuildConfiguration;
			buildSettings = {
				ASSETCATALOG_COMPILER_APPICON_NAME = AppIcon;
				INFOPLIST_FILE = IBdesigns/Info.plist;
				LD_RUNPATH_SEARCH_PATHS = "$(inherited) @executable_path/Frameworks";
				PRODUCT_NAME = "$(TARGET_NAME)";
			};
			name = Release;
		};
		40E75C771B68C9C8009A0CDC /* Debug */ = {
			isa = XCBuildConfiguration;
			buildSettings = {
				BUNDLE_LOADER = "$(TEST_HOST)";
				FRAMEWORK_SEARCH_PATHS = (
					"$(SDKROOT)/Developer/Library/Frameworks",
					"$(inherited)",
				);
				GCC_PREPROCESSOR_DEFINITIONS = (
					"DEBUG=1",
					"$(inherited)",
				);
				INFOPLIST_FILE = IBdesignsTests/Info.plist;
				LD_RUNPATH_SEARCH_PATHS = "$(inherited) @executable_path/Frameworks @loader_path/Frameworks";
				PRODUCT_NAME = "$(TARGET_NAME)";
				TEST_HOST = "$(BUILT_PRODUCTS_DIR)/IBdesigns.app/IBdesigns";
			};
			name = Debug;
		};
		40E75C781B68C9C8009A0CDC /* Release */ = {
			isa = XCBuildConfiguration;
			buildSettings = {
				BUNDLE_LOADER = "$(TEST_HOST)";
				FRAMEWORK_SEARCH_PATHS = (
					"$(SDKROOT)/Developer/Library/Frameworks",
					"$(inherited)",
				);
				INFOPLIST_FILE = IBdesignsTests/Info.plist;
				LD_RUNPATH_SEARCH_PATHS = "$(inherited) @executable_path/Frameworks @loader_path/Frameworks";
				PRODUCT_NAME = "$(TARGET_NAME)";
				TEST_HOST = "$(BUILT_PRODUCTS_DIR)/IBdesigns.app/IBdesigns";
			};
			name = Release;
		};
/* End XCBuildConfiguration section */

/* Begin XCConfigurationList section */
		40E75C4B1B68C9C7009A0CDC /* Build configuration list for PBXProject "IBdesigns" */ = {
			isa = XCConfigurationList;
			buildConfigurations = (
				40E75C711B68C9C8009A0CDC /* Debug */,
				40E75C721B68C9C8009A0CDC /* Release */,
			);
			defaultConfigurationIsVisible = 0;
			defaultConfigurationName = Release;
		};
		40E75C731B68C9C8009A0CDC /* Build configuration list for PBXNativeTarget "IBdesigns" */ = {
			isa = XCConfigurationList;
			buildConfigurations = (
				40E75C741B68C9C8009A0CDC /* Debug */,
				40E75C751B68C9C8009A0CDC /* Release */,
			);
			defaultConfigurationIsVisible = 0;
		};
		40E75C761B68C9C8009A0CDC /* Build configuration list for PBXNativeTarget "IBdesignsTests" */ = {
			isa = XCConfigurationList;
			buildConfigurations = (
				40E75C771B68C9C8009A0CDC /* Debug */,
				40E75C781B68C9C8009A0CDC /* Release */,
			);
			defaultConfigurationIsVisible = 0;
		};
/* End XCConfigurationList section */
	};
	rootObject = 40E75C481B68C9C7009A0CDC /* Project object */;
}
